<?xml version="1.0" encoding="utf-8"?>
<Project ToolsVersion="4.0" xmlns="http://schemas.microsoft.com/developer/msbuild/2003">
  <ItemGroup>
    <Filter Include="Cosmos">
      <UniqueIdentifier>{D93442AC-C5D6-6C82-AE91-80D69AD2F3D2}</UniqueIdentifier>
    </Filter>
  </ItemGroup>
  <ItemGroup>
    <ClInclude Include="src\Cosmos.h" />
    <ClInclude Include="src\Cosmos\Application.h">
      <Filter>Cosmos</Filter>
    </ClInclude>
    <ClInclude Include="src\Cosmos\Core.h">
      <Filter>Cosmos</Filter>
    </ClInclude>
    <ClInclude Include="src\Cosmos\EntryPoint.h">
      <Filter>Cosmos</Filter>
    </ClInclude>
    <ClInclude Include="src\Cosmos\Log.h">
      <Filter>Cosmos</Filter>
    </ClInclude>
  </ItemGroup>
  <ItemGroup>
    <ClCompile Include="src\Cosmos\Application.cpp">
      <Filter>Cosmos</Filter>
    </ClCompile>
    <ClCompile Include="src\Cosmos\Log.cpp">
      <Filter>Cosmos</Filter>
    </ClCompile>
  </ItemGroup>
</Project>